// !$*UTF8*$!
{
	archiveVersion = 1;
	classes = {
	};
	objectVersion = 56;
	objects = {

/* Begin PBXBuildFile section */
		350449FD2A3F29DD00C775D6 /* AddCityView.swift in Sources */ = {isa = PBXBuildFile; fileRef = 350449FC2A3F29DD00C775D6 /* AddCityView.swift */; };
		350449FF2A3F2A0300C775D6 /* BlankView.swift in Sources */ = {isa = PBXBuildFile; fileRef = 350449FE2A3F2A0300C775D6 /* BlankView.swift */; };
		35044A4F2A40B10D00C775D6 /* CreateDriverView.swift in Sources */ = {isa = PBXBuildFile; fileRef = 35044A4E2A40B10D00C775D6 /* CreateDriverView.swift */; };
		35044A512A41D36300C775D6 /* RideExtension.swift in Sources */ = {isa = PBXBuildFile; fileRef = 35044A502A41D36300C775D6 /* RideExtension.swift */; };
		3561B83E2A335B98004FDAF5 /* ProfileView.swift in Sources */ = {isa = PBXBuildFile; fileRef = 3561B83D2A335B98004FDAF5 /* ProfileView.swift */; };
		3561B8402A33963F004FDAF5 /* PictureView.swift in Sources */ = {isa = PBXBuildFile; fileRef = 3561B83F2A33963F004FDAF5 /* PictureView.swift */; };
		357886CF2A42D9D6000057F3 /* CityDataExtension.swift in Sources */ = {isa = PBXBuildFile; fileRef = 357886CE2A42D9D6000057F3 /* CityDataExtension.swift */; };
		357886D12A42DA47000057F3 /* AddCityNameView.swift in Sources */ = {isa = PBXBuildFile; fileRef = 357886D02A42DA47000057F3 /* AddCityNameView.swift */; };
		357886D32A42F629000057F3 /* CitiesSettings.swift in Sources */ = {isa = PBXBuildFile; fileRef = 357886D22A42F629000057F3 /* CitiesSettings.swift */; };
		357886D52A42F642000057F3 /* DriversSettings.swift in Sources */ = {isa = PBXBuildFile; fileRef = 357886D42A42F642000057F3 /* DriversSettings.swift */; };
		357886DB2A43ABAD000057F3 /* BlaBlaCar.xcdatamodeld in Sources */ = {isa = PBXBuildFile; fileRef = 357886D92A43ABAD000057F3 /* BlaBlaCar.xcdatamodeld */; };
		35AB9E532A23970600CF760A /* BlaBlaCarApp.swift in Sources */ = {isa = PBXBuildFile; fileRef = 35AB9E522A23970600CF760A /* BlaBlaCarApp.swift */; };
		35AB9E552A23970600CF760A /* ContentView.swift in Sources */ = {isa = PBXBuildFile; fileRef = 35AB9E542A23970600CF760A /* ContentView.swift */; };
		35AB9E572A23970700CF760A /* Assets.xcassets in Resources */ = {isa = PBXBuildFile; fileRef = 35AB9E562A23970700CF760A /* Assets.xcassets */; };
		35AB9E5A2A23970700CF760A /* Preview Assets.xcassets in Resources */ = {isa = PBXBuildFile; fileRef = 35AB9E592A23970700CF760A /* Preview Assets.xcassets */; };
		35AB9E5C2A23970700CF760A /* Persistence.swift in Sources */ = {isa = PBXBuildFile; fileRef = 35AB9E5B2A23970700CF760A /* Persistence.swift */; };
		35AB9E692A23A37500CF760A /* BundleExtension.swift in Sources */ = {isa = PBXBuildFile; fileRef = 35AB9E682A23A37500CF760A /* BundleExtension.swift */; };
		35AB9E6D2A23AB0300CF760A /* RideCreator.swift in Sources */ = {isa = PBXBuildFile; fileRef = 35AB9E6C2A23AB0300CF760A /* RideCreator.swift */; };
		35AB9E6F2A23D95C00CF760A /* MapView.swift in Sources */ = {isa = PBXBuildFile; fileRef = 35AB9E6E2A23D95C00CF760A /* MapView.swift */; };
		35AB9E752A24C95400CF760A /* RideInfo.swift in Sources */ = {isa = PBXBuildFile; fileRef = 35AB9E742A24C95400CF760A /* RideInfo.swift */; };
		35AB9E772A24CF4700CF760A /* DriverView.swift in Sources */ = {isa = PBXBuildFile; fileRef = 35AB9E762A24CF4700CF760A /* DriverView.swift */; };
		35E511792A26386F00A9A013 /* RideView.swift in Sources */ = {isa = PBXBuildFile; fileRef = 35E511782A26386F00A9A013 /* RideView.swift */; };
		35E5117B2A263AA000A9A013 /* MapMKMapView.swift in Sources */ = {isa = PBXBuildFile; fileRef = 35E5117A2A263AA000A9A013 /* MapMKMapView.swift */; };
/* End PBXBuildFile section */

/* Begin PBXFileReference section */
		350449FC2A3F29DD00C775D6 /* AddCityView.swift */ = {isa = PBXFileReference; lastKnownFileType = sourcecode.swift; path = AddCityView.swift; sourceTree = "<group>"; };
		350449FE2A3F2A0300C775D6 /* BlankView.swift */ = {isa = PBXFileReference; lastKnownFileType = sourcecode.swift; path = BlankView.swift; sourceTree = "<group>"; };
		35044A4E2A40B10D00C775D6 /* CreateDriverView.swift */ = {isa = PBXFileReference; lastKnownFileType = sourcecode.swift; path = CreateDriverView.swift; sourceTree = "<group>"; };
		35044A502A41D36300C775D6 /* RideExtension.swift */ = {isa = PBXFileReference; lastKnownFileType = sourcecode.swift; path = RideExtension.swift; sourceTree = "<group>"; };
		3561B83D2A335B98004FDAF5 /* ProfileView.swift */ = {isa = PBXFileReference; lastKnownFileType = sourcecode.swift; path = ProfileView.swift; sourceTree = "<group>"; };
		3561B83F2A33963F004FDAF5 /* PictureView.swift */ = {isa = PBXFileReference; lastKnownFileType = sourcecode.swift; path = PictureView.swift; sourceTree = "<group>"; };
		357886CE2A42D9D6000057F3 /* CityDataExtension.swift */ = {isa = PBXFileReference; lastKnownFileType = sourcecode.swift; path = CityDataExtension.swift; sourceTree = "<group>"; };
		357886D02A42DA47000057F3 /* AddCityNameView.swift */ = {isa = PBXFileReference; lastKnownFileType = sourcecode.swift; path = AddCityNameView.swift; sourceTree = "<group>"; };
		357886D22A42F629000057F3 /* CitiesSettings.swift */ = {isa = PBXFileReference; lastKnownFileType = sourcecode.swift; path = CitiesSettings.swift; sourceTree = "<group>"; };
		357886D42A42F642000057F3 /* DriversSettings.swift */ = {isa = PBXFileReference; lastKnownFileType = sourcecode.swift; path = DriversSettings.swift; sourceTree = "<group>"; };
		357886DA2A43ABAD000057F3 /* BlaBlaCar.xcdatamodel */ = {isa = PBXFileReference; lastKnownFileType = wrapper.xcdatamodel; path = BlaBlaCar.xcdatamodel; sourceTree = "<group>"; };
		35AB9E4F2A23970600CF760A /* BlaBlaCar.app */ = {isa = PBXFileReference; explicitFileType = wrapper.application; includeInIndex = 0; path = BlaBlaCar.app; sourceTree = BUILT_PRODUCTS_DIR; };
		35AB9E522A23970600CF760A /* BlaBlaCarApp.swift */ = {isa = PBXFileReference; lastKnownFileType = sourcecode.swift; path = BlaBlaCarApp.swift; sourceTree = "<group>"; };
		35AB9E542A23970600CF760A /* ContentView.swift */ = {isa = PBXFileReference; lastKnownFileType = sourcecode.swift; path = ContentView.swift; sourceTree = "<group>"; };
		35AB9E562A23970700CF760A /* Assets.xcassets */ = {isa = PBXFileReference; lastKnownFileType = folder.assetcatalog; path = Assets.xcassets; sourceTree = "<group>"; };
		35AB9E592A23970700CF760A /* Preview Assets.xcassets */ = {isa = PBXFileReference; lastKnownFileType = folder.assetcatalog; path = "Preview Assets.xcassets"; sourceTree = "<group>"; };
		35AB9E5B2A23970700CF760A /* Persistence.swift */ = {isa = PBXFileReference; lastKnownFileType = sourcecode.swift; path = Persistence.swift; sourceTree = "<group>"; };
		35AB9E682A23A37500CF760A /* BundleExtension.swift */ = {isa = PBXFileReference; lastKnownFileType = sourcecode.swift; path = BundleExtension.swift; sourceTree = "<group>"; };
		35AB9E6C2A23AB0300CF760A /* RideCreator.swift */ = {isa = PBXFileReference; lastKnownFileType = sourcecode.swift; path = RideCreator.swift; sourceTree = "<group>"; };
		35AB9E6E2A23D95C00CF760A /* MapView.swift */ = {isa = PBXFileReference; lastKnownFileType = sourcecode.swift; path = MapView.swift; sourceTree = "<group>"; };
		35AB9E742A24C95400CF760A /* RideInfo.swift */ = {isa = PBXFileReference; lastKnownFileType = sourcecode.swift; path = RideInfo.swift; sourceTree = "<group>"; };
		35AB9E762A24CF4700CF760A /* DriverView.swift */ = {isa = PBXFileReference; lastKnownFileType = sourcecode.swift; path = DriverView.swift; sourceTree = "<group>"; };
		35E511782A26386F00A9A013 /* RideView.swift */ = {isa = PBXFileReference; lastKnownFileType = sourcecode.swift; path = RideView.swift; sourceTree = "<group>"; };
		35E5117A2A263AA000A9A013 /* MapMKMapView.swift */ = {isa = PBXFileReference; lastKnownFileType = sourcecode.swift; path = MapMKMapView.swift; sourceTree = "<group>"; };
/* End PBXFileReference section */

/* Begin PBXFrameworksBuildPhase section */
		35AB9E4C2A23970600CF760A /* Frameworks */ = {
			isa = PBXFrameworksBuildPhase;
			buildActionMask = 2147483647;
			files = (
			);
			runOnlyForDeploymentPostprocessing = 0;
		};
/* End PBXFrameworksBuildPhase section */

/* Begin PBXGroup section */
		35AB9E462A23970600CF760A = {
			isa = PBXGroup;
			children = (
				35AB9E512A23970600CF760A /* BlaBlaCar */,
				35AB9E502A23970600CF760A /* Products */,
			);
			sourceTree = "<group>";
		};
		35AB9E502A23970600CF760A /* Products */ = {
			isa = PBXGroup;
			children = (
				35AB9E4F2A23970600CF760A /* BlaBlaCar.app */,
			);
			name = Products;
			sourceTree = "<group>";
		};
		35AB9E512A23970600CF760A /* BlaBlaCar */ = {
			isa = PBXGroup;
			children = (
				35AB9E522A23970600CF760A /* BlaBlaCarApp.swift */,
				35AB9E5B2A23970700CF760A /* Persistence.swift */,
				35AB9E712A23DC2600CF760A /* Extensions */,
				35AB9E702A23DC1700CF760A /* Views */,
				35E5117C2A263B9500A9A013 /* Utilities */,
				35AB9E722A23DC3A00CF760A /* Data */,
				35AB9E582A23970700CF760A /* Preview Content */,
			);
			path = BlaBlaCar;
			sourceTree = "<group>";
		};
		35AB9E582A23970700CF760A /* Preview Content */ = {
			isa = PBXGroup;
			children = (
				35AB9E592A23970700CF760A /* Preview Assets.xcassets */,
			);
			path = "Preview Content";
			sourceTree = "<group>";
		};
		35AB9E702A23DC1700CF760A /* Views */ = {
			isa = PBXGroup;
			children = (
				35AB9E542A23970600CF760A /* ContentView.swift */,
				35AB9E6C2A23AB0300CF760A /* RideCreator.swift */,
				35AB9E6E2A23D95C00CF760A /* MapView.swift */,
				35AB9E742A24C95400CF760A /* RideInfo.swift */,
				35AB9E762A24CF4700CF760A /* DriverView.swift */,
				35E511782A26386F00A9A013 /* RideView.swift */,
				35E5117A2A263AA000A9A013 /* MapMKMapView.swift */,
				3561B83D2A335B98004FDAF5 /* ProfileView.swift */,
				3561B83F2A33963F004FDAF5 /* PictureView.swift */,
				350449FC2A3F29DD00C775D6 /* AddCityView.swift */,
				350449FE2A3F2A0300C775D6 /* BlankView.swift */,
				35044A4E2A40B10D00C775D6 /* CreateDriverView.swift */,
				357886D02A42DA47000057F3 /* AddCityNameView.swift */,
				357886D22A42F629000057F3 /* CitiesSettings.swift */,
				357886D42A42F642000057F3 /* DriversSettings.swift */,
			);
			path = Views;
			sourceTree = "<group>";
		};
		35AB9E712A23DC2600CF760A /* Extensions */ = {
			isa = PBXGroup;
			children = (
				35AB9E682A23A37500CF760A /* BundleExtension.swift */,
				35044A502A41D36300C775D6 /* RideExtension.swift */,
				357886CE2A42D9D6000057F3 /* CityDataExtension.swift */,
			);
			path = Extensions;
			sourceTree = "<group>";
		};
		35AB9E722A23DC3A00CF760A /* Data */ = {
			isa = PBXGroup;
			children = (
				357886D92A43ABAD000057F3 /* BlaBlaCar.xcdatamodeld */,
			);
			path = Data;
			sourceTree = "<group>";
		};
		35E5117C2A263B9500A9A013 /* Utilities */ = {
			isa = PBXGroup;
			children = (
				35AB9E562A23970700CF760A /* Assets.xcassets */,
			);
			path = Utilities;
			sourceTree = "<group>";
		};
/* End PBXGroup section */

/* Begin PBXNativeTarget section */
		35AB9E4E2A23970600CF760A /* BlaBlaCar */ = {
			isa = PBXNativeTarget;
			buildConfigurationList = 35AB9E622A23970700CF760A /* Build configuration list for PBXNativeTarget "BlaBlaCar" */;
			buildPhases = (
				35AB9E4B2A23970600CF760A /* Sources */,
				35AB9E4C2A23970600CF760A /* Frameworks */,
				35AB9E4D2A23970600CF760A /* Resources */,
			);
			buildRules = (
			);
			dependencies = (
			);
			name = BlaBlaCar;
			productName = BlaBlaCar;
			productReference = 35AB9E4F2A23970600CF760A /* BlaBlaCar.app */;
			productType = "com.apple.product-type.application";
		};
/* End PBXNativeTarget section */

/* Begin PBXProject section */
		35AB9E472A23970600CF760A /* Project object */ = {
			isa = PBXProject;
			attributes = {
				BuildIndependentTargetsInParallel = 1;
				LastSwiftUpdateCheck = 1420;
				LastUpgradeCheck = 1420;
				TargetAttributes = {
					35AB9E4E2A23970600CF760A = {
						CreatedOnToolsVersion = 14.2;
					};
				};
			};
			buildConfigurationList = 35AB9E4A2A23970600CF760A /* Build configuration list for PBXProject "BlaBlaCar" */;
			compatibilityVersion = "Xcode 14.0";
			developmentRegion = en;
			hasScannedForEncodings = 0;
			knownRegions = (
				en,
				Base,
			);
			mainGroup = 35AB9E462A23970600CF760A;
			productRefGroup = 35AB9E502A23970600CF760A /* Products */;
			projectDirPath = "";
			projectRoot = "";
			targets = (
				35AB9E4E2A23970600CF760A /* BlaBlaCar */,
			);
		};
/* End PBXProject section */

/* Begin PBXResourcesBuildPhase section */
		35AB9E4D2A23970600CF760A /* Resources */ = {
			isa = PBXResourcesBuildPhase;
			buildActionMask = 2147483647;
			files = (
				35AB9E5A2A23970700CF760A /* Preview Assets.xcassets in Resources */,
				35AB9E572A23970700CF760A /* Assets.xcassets in Resources */,
			);
			runOnlyForDeploymentPostprocessing = 0;
		};
/* End PBXResourcesBuildPhase section */

/* Begin PBXSourcesBuildPhase section */
		35AB9E4B2A23970600CF760A /* Sources */ = {
			isa = PBXSourcesBuildPhase;
			buildActionMask = 2147483647;
			files = (
				3561B8402A33963F004FDAF5 /* PictureView.swift in Sources */,
				35E511792A26386F00A9A013 /* RideView.swift in Sources */,
				357886CF2A42D9D6000057F3 /* CityDataExtension.swift in Sources */,
				35AB9E692A23A37500CF760A /* BundleExtension.swift in Sources */,
				357886DB2A43ABAD000057F3 /* BlaBlaCar.xcdatamodeld in Sources */,
				35AB9E6F2A23D95C00CF760A /* MapView.swift in Sources */,
				357886D32A42F629000057F3 /* CitiesSettings.swift in Sources */,
				35AB9E772A24CF4700CF760A /* DriverView.swift in Sources */,
				35AB9E5C2A23970700CF760A /* Persistence.swift in Sources */,
				35AB9E552A23970600CF760A /* ContentView.swift in Sources */,
				35AB9E532A23970600CF760A /* BlaBlaCarApp.swift in Sources */,
				35AB9E752A24C95400CF760A /* RideInfo.swift in Sources */,
				35AB9E6D2A23AB0300CF760A /* RideCreator.swift in Sources */,
				35E5117B2A263AA000A9A013 /* MapMKMapView.swift in Sources */,
				3561B83E2A335B98004FDAF5 /* ProfileView.swift in Sources */,
				350449FF2A3F2A0300C775D6 /* BlankView.swift in Sources */,
				357886D12A42DA47000057F3 /* AddCityNameView.swift in Sources */,
				35044A4F2A40B10D00C775D6 /* CreateDriverView.swift in Sources */,
				35044A512A41D36300C775D6 /* RideExtension.swift in Sources */,
				357886D52A42F642000057F3 /* DriversSettings.swift in Sources */,
				350449FD2A3F29DD00C775D6 /* AddCityView.swift in Sources */,
			);
			runOnlyForDeploymentPostprocessing = 0;
		};
/* End PBXSourcesBuildPhase section */

/* Begin XCBuildConfiguration section */
		35AB9E602A23970700CF760A /* Debug */ = {
			isa = XCBuildConfiguration;
			buildSettings = {
				ALWAYS_SEARCH_USER_PATHS = NO;
				CLANG_ANALYZER_NONNULL = YES;
				CLANG_ANALYZER_NUMBER_OBJECT_CONVERSION = YES_AGGRESSIVE;
				CLANG_CXX_LANGUAGE_STANDARD = "gnu++20";
				CLANG_ENABLE_MODULES = YES;
				CLANG_ENABLE_OBJC_ARC = YES;
				CLANG_ENABLE_OBJC_WEAK = YES;
				CLANG_WARN_BLOCK_CAPTURE_AUTORELEASING = YES;
				CLANG_WARN_BOOL_CONVERSION = YES;
				CLANG_WARN_COMMA = YES;
				CLANG_WARN_CONSTANT_CONVERSION = YES;
				CLANG_WARN_DEPRECATED_OBJC_IMPLEMENTATIONS = YES;
				CLANG_WARN_DIRECT_OBJC_ISA_USAGE = YES_ERROR;
				CLANG_WARN_DOCUMENTATION_COMMENTS = YES;
				CLANG_WARN_EMPTY_BODY = YES;
				CLANG_WARN_ENUM_CONVERSION = YES;
				CLANG_WARN_INFINITE_RECURSION = YES;
				CLANG_WARN_INT_CONVERSION = YES;
				CLANG_WARN_NON_LITERAL_NULL_CONVERSION = YES;
				CLANG_WARN_OBJC_IMPLICIT_RETAIN_SELF = YES;
				CLANG_WARN_OBJC_LITERAL_CONVERSION = YES;
				CLANG_WARN_OBJC_ROOT_CLASS = YES_ERROR;
				CLANG_WARN_QUOTED_INCLUDE_IN_FRAMEWORK_HEADER = YES;
				CLANG_WARN_RANGE_LOOP_ANALYSIS = YES;
				CLANG_WARN_STRICT_PROTOTYPES = YES;
				CLANG_WARN_SUSPICIOUS_MOVE = YES;
				CLANG_WARN_UNGUARDED_AVAILABILITY = YES_AGGRESSIVE;
				CLANG_WARN_UNREACHABLE_CODE = YES;
				CLANG_WARN__DUPLICATE_METHOD_MATCH = YES;
				COPY_PHASE_STRIP = NO;
				DEBUG_INFORMATION_FORMAT = dwarf;
				ENABLE_STRICT_OBJC_MSGSEND = YES;
				ENABLE_TESTABILITY = YES;
				GCC_C_LANGUAGE_STANDARD = gnu11;
				GCC_DYNAMIC_NO_PIC = NO;
				GCC_NO_COMMON_BLOCKS = YES;
				GCC_OPTIMIZATION_LEVEL = 0;
				GCC_PREPROCESSOR_DEFINITIONS = (
					"DEBUG=1",
					"$(inherited)",
				);
				GCC_WARN_64_TO_32_BIT_CONVERSION = YES;
				GCC_WARN_ABOUT_RETURN_TYPE = YES_ERROR;
				GCC_WARN_UNDECLARED_SELECTOR = YES;
				GCC_WARN_UNINITIALIZED_AUTOS = YES_AGGRESSIVE;
				GCC_WARN_UNUSED_FUNCTION = YES;
				GCC_WARN_UNUSED_VARIABLE = YES;
				IPHONEOS_DEPLOYMENT_TARGET = 16.2;
				MTL_ENABLE_DEBUG_INFO = INCLUDE_SOURCE;
				MTL_FAST_MATH = YES;
				ONLY_ACTIVE_ARCH = YES;
				SDKROOT = iphoneos;
				SWIFT_ACTIVE_COMPILATION_CONDITIONS = DEBUG;
				SWIFT_OPTIMIZATION_LEVEL = "-Onone";
			};
			name = Debug;
		};
		35AB9E612A23970700CF760A /* Release */ = {
			isa = XCBuildConfiguration;
			buildSettings = {
				ALWAYS_SEARCH_USER_PATHS = NO;
				CLANG_ANALYZER_NONNULL = YES;
				CLANG_ANALYZER_NUMBER_OBJECT_CONVERSION = YES_AGGRESSIVE;
				CLANG_CXX_LANGUAGE_STANDARD = "gnu++20";
				CLANG_ENABLE_MODULES = YES;
				CLANG_ENABLE_OBJC_ARC = YES;
				CLANG_ENABLE_OBJC_WEAK = YES;
				CLANG_WARN_BLOCK_CAPTURE_AUTORELEASING = YES;
				CLANG_WARN_BOOL_CONVERSION = YES;
				CLANG_WARN_COMMA = YES;
				CLANG_WARN_CONSTANT_CONVERSION = YES;
				CLANG_WARN_DEPRECATED_OBJC_IMPLEMENTATIONS = YES;
				CLANG_WARN_DIRECT_OBJC_ISA_USAGE = YES_ERROR;
				CLANG_WARN_DOCUMENTATION_COMMENTS = YES;
				CLANG_WARN_EMPTY_BODY = YES;
				CLANG_WARN_ENUM_CONVERSION = YES;
				CLANG_WARN_INFINITE_RECURSION = YES;
				CLANG_WARN_INT_CONVERSION = YES;
				CLANG_WARN_NON_LITERAL_NULL_CONVERSION = YES;
				CLANG_WARN_OBJC_IMPLICIT_RETAIN_SELF = YES;
				CLANG_WARN_OBJC_LITERAL_CONVERSION = YES;
				CLANG_WARN_OBJC_ROOT_CLASS = YES_ERROR;
				CLANG_WARN_QUOTED_INCLUDE_IN_FRAMEWORK_HEADER = YES;
				CLANG_WARN_RANGE_LOOP_ANALYSIS = YES;
				CLANG_WARN_STRICT_PROTOTYPES = YES;
				CLANG_WARN_SUSPICIOUS_MOVE = YES;
				CLANG_WARN_UNGUARDED_AVAILABILITY = YES_AGGRESSIVE;
				CLANG_WARN_UNREACHABLE_CODE = YES;
				CLANG_WARN__DUPLICATE_METHOD_MATCH = YES;
				COPY_PHASE_STRIP = NO;
				DEBUG_INFORMATION_FORMAT = "dwarf-with-dsym";
				ENABLE_NS_ASSERTIONS = NO;
				ENABLE_STRICT_OBJC_MSGSEND = YES;
				GCC_C_LANGUAGE_STANDARD = gnu11;
				GCC_NO_COMMON_BLOCKS = YES;
				GCC_WARN_64_TO_32_BIT_CONVERSION = YES;
				GCC_WARN_ABOUT_RETURN_TYPE = YES_ERROR;
				GCC_WARN_UNDECLARED_SELECTOR = YES;
				GCC_WARN_UNINITIALIZED_AUTOS = YES_AGGRESSIVE;
				GCC_WARN_UNUSED_FUNCTION = YES;
				GCC_WARN_UNUSED_VARIABLE = YES;
				IPHONEOS_DEPLOYMENT_TARGET = 16.2;
				MTL_ENABLE_DEBUG_INFO = NO;
				MTL_FAST_MATH = YES;
				SDKROOT = iphoneos;
				SWIFT_COMPILATION_MODE = wholemodule;
				SWIFT_OPTIMIZATION_LEVEL = "-O";
				VALIDATE_PRODUCT = YES;
			};
			name = Release;
		};
		35AB9E632A23970700CF760A /* Debug */ = {
			isa = XCBuildConfiguration;
			buildSettings = {
				ASSETCATALOG_COMPILER_APPICON_NAME = AppIcon;
				ASSETCATALOG_COMPILER_GLOBAL_ACCENT_COLOR_NAME = AccentColor;
				CODE_SIGN_STYLE = Automatic;
				CURRENT_PROJECT_VERSION = 1;
				DEVELOPMENT_ASSET_PATHS = "\"BlaBlaCar/Preview Content\"";
				DEVELOPMENT_TEAM = 979AUB889N;
				ENABLE_PREVIEWS = YES;
				GENERATE_INFOPLIST_FILE = YES;
				INFOPLIST_KEY_UIApplicationSceneManifest_Generation = YES;
				INFOPLIST_KEY_UIApplicationSupportsIndirectInputEvents = YES;
				INFOPLIST_KEY_UILaunchScreen_Generation = YES;
				INFOPLIST_KEY_UISupportedInterfaceOrientations_iPad = "UIInterfaceOrientationPortrait UIInterfaceOrientationPortraitUpsideDown UIInterfaceOrientationLandscapeLeft UIInterfaceOrientationLandscapeRight";
				INFOPLIST_KEY_UISupportedInterfaceOrientations_iPhone = "UIInterfaceOrientationPortrait UIInterfaceOrientationLandscapeLeft UIInterfaceOrientationLandscapeRight";
				LD_RUNPATH_SEARCH_PATHS = (
					"$(inherited)",
					"@executable_path/Frameworks",
				);
				MARKETING_VERSION = 1.0;
				PRODUCT_BUNDLE_IDENTIFIER = pg.BlaBlaCar;
				PRODUCT_NAME = "$(TARGET_NAME)";
				SWIFT_EMIT_LOC_STRINGS = YES;
				SWIFT_VERSION = 5.0;
				TARGETED_DEVICE_FAMILY = "1,2";
			};
			name = Debug;
		};
		35AB9E642A23970700CF760A /* Release */ = {
			isa = XCBuildConfiguration;
			buildSettings = {
				ASSETCATALOG_COMPILER_APPICON_NAME = AppIcon;
				ASSETCATALOG_COMPILER_GLOBAL_ACCENT_COLOR_NAME = AccentColor;
				CODE_SIGN_STYLE = Automatic;
				CURRENT_PROJECT_VERSION = 1;
				DEVELOPMENT_ASSET_PATHS = "\"BlaBlaCar/Preview Content\"";
				DEVELOPMENT_TEAM = 979AUB889N;
				ENABLE_PREVIEWS = YES;
				GENERATE_INFOPLIST_FILE = YES;
				INFOPLIST_KEY_UIApplicationSceneManifest_Generation = YES;
				INFOPLIST_KEY_UIApplicationSupportsIndirectInputEvents = YES;
				INFOPLIST_KEY_UILaunchScreen_Generation = YES;
				INFOPLIST_KEY_UISupportedInterfaceOrientations_iPad = "UIInterfaceOrientationPortrait UIInterfaceOrientationPortraitUpsideDown UIInterfaceOrientationLandscapeLeft UIInterfaceOrientationLandscapeRight";
				INFOPLIST_KEY_UISupportedInterfaceOrientations_iPhone = "UIInterfaceOrientationPortrait UIInterfaceOrientationLandscapeLeft UIInterfaceOrientationLandscapeRight";
				LD_RUNPATH_SEARCH_PATHS = (
					"$(inherited)",
					"@executable_path/Frameworks",
				);
				MARKETING_VERSION = 1.0;
				PRODUCT_BUNDLE_IDENTIFIER = pg.BlaBlaCar;
				PRODUCT_NAME = "$(TARGET_NAME)";
				SWIFT_EMIT_LOC_STRINGS = YES;
				SWIFT_VERSION = 5.0;
				TARGETED_DEVICE_FAMILY = "1,2";
			};
			name = Release;
		};
/* End XCBuildConfiguration section */

/* Begin XCConfigurationList section */
		35AB9E4A2A23970600CF760A /* Build configuration list for PBXProject "BlaBlaCar" */ = {
			isa = XCConfigurationList;
			buildConfigurations = (
				35AB9E602A23970700CF760A /* Debug */,
				35AB9E612A23970700CF760A /* Release */,
			);
			defaultConfigurationIsVisible = 0;
			defaultConfigurationName = Release;
		};
		35AB9E622A23970700CF760A /* Build configuration list for PBXNativeTarget "BlaBlaCar" */ = {
			isa = XCConfigurationList;
			buildConfigurations = (
				35AB9E632A23970700CF760A /* Debug */,
				35AB9E642A23970700CF760A /* Release */,
			);
			defaultConfigurationIsVisible = 0;
			defaultConfigurationName = Release;
		};
/* End XCConfigurationList section */

/* Begin XCVersionGroup section */
		357886D92A43ABAD000057F3 /* BlaBlaCar.xcdatamodeld */ = {
			isa = XCVersionGroup;
			children = (
				357886DA2A43ABAD000057F3 /* BlaBlaCar.xcdatamodel */,
			);
			currentVersion = 357886DA2A43ABAD000057F3 /* BlaBlaCar.xcdatamodel */;
			path = BlaBlaCar.xcdatamodeld;
			sourceTree = "<group>";
			versionGroupType = wrapper.xcdatamodel;
		};
/* End XCVersionGroup section */
	};
	rootObject = 35AB9E472A23970600CF760A /* Project object */;
}
